{
  "name": "@swinton/commit",
  "version": "2.0.0",
  "lockfileVersion": 1,
  "requires": true,
  "dependencies": {
    "@actions/core": {
      "version": "1.2.6",
      "resolved": "https://registry.npmjs.org/@actions/core/-/core-1.2.6.tgz",
      "integrity": "sha512-ZQYitnqiyBc3D+k7LsgSBmMDVkOVidaagDG7j3fOym77jNunWRuYx7VSHa9GNfFZh+zh61xsCjRj4JxMZlDqTA=="
    },
    "@vercel/ncc": {
      "version": "0.25.1",
      "resolved": "https://registry.npmjs.org/@vercel/ncc/-/ncc-0.25.1.tgz",
      "integrity": "sha512-dGecC5+1wLof1MQpey4+6i2KZv4Sfs6WfXkl9KfO32GED4ZPiKxRfvtGPjbjZv0IbqMl6CxtcV1RotXYfd5SSA==",
      "dev": true
    }
  }
}
